
Microsoft Visual Studio Solution File, Format Version 12.00
# Visual Studio Version 17
VisualStudioVersion = 17.13.35931.197 d17.13
MinimumVisualStudioVersion = 10.0.40219.1
Project("{FAE04EC0-301F-11D3-BF4B-00C04F79EFBC}") = "WinFormsApp5", "WinFormsApp5.csproj", "{6534569F-29A9-4959-BBF1-E8ACE82C1182}"
EndProject
Global
	GlobalSection(SolutionConfigurationPlatforms) = preSolution
		Debug|Any CPU = Debug|Any CPU
		Release|Any CPU = Release|Any CPU
	EndGlobalSection
	GlobalSection(ProjectConfigurationPlatforms) = postSolution
		{6534569F-29A9-4959-BBF1-E8ACE82C1182}.Debug|Any CPU.ActiveCfg = Debug|Any CPU
		{6534569F-29A9-4959-BBF1-E8ACE82C1182}.Debug|Any CPU.Build.0 = Debug|Any CPU
		{6534569F-29A9-4959-BBF1-E8ACE82C1182}.Release|Any CPU.ActiveCfg = Release|Any CPU
		{6534569F-29A9-4959-BBF1-E8ACE82C1182}.Release|Any CPU.Build.0 = Release|Any CPU
	EndGlobalSection
	GlobalSection(SolutionProperties) = preSolution
		HideSolutionNode = FALSE
	EndGlobalSection
	GlobalSection(ExtensibilityGlobals) = postSolution
		SolutionGuid = {6E87A0EF-9A27-4AE0-B541-6D1589886784}
	EndGlobalSection
EndGlobal
