
Microsoft Visual Studio Solution File, Format Version 12.00
# Visual Studio Version 17
VisualStudioVersion = 17.13.35931.197 d17.13
MinimumVisualStudioVersion = 10.0.40219.1
Project("{FAE04EC0-301F-11D3-BF4B-00C04F79EFBC}") = "WinFormsApp2", "WinFormsApp2.csproj", "{ECE5F80F-266F-4A20-99EC-4F29872B70A0}"
EndProject
Global
	GlobalSection(SolutionConfigurationPlatforms) = preSolution
		Debug|Any CPU = Debug|Any CPU
		Release|Any CPU = Release|Any CPU
	EndGlobalSection
	GlobalSection(ProjectConfigurationPlatforms) = postSolution
		{ECE5F80F-266F-4A20-99EC-4F29872B70A0}.Debug|Any CPU.ActiveCfg = Debug|Any CPU
		{ECE5F80F-266F-4A20-99EC-4F29872B70A0}.Debug|Any CPU.Build.0 = Debug|Any CPU
		{ECE5F80F-266F-4A20-99EC-4F29872B70A0}.Release|Any CPU.ActiveCfg = Release|Any CPU
		{ECE5F80F-266F-4A20-99EC-4F29872B70A0}.Release|Any CPU.Build.0 = Release|Any CPU
	EndGlobalSection
	GlobalSection(SolutionProperties) = preSolution
		HideSolutionNode = FALSE
	EndGlobalSection
	GlobalSection(ExtensibilityGlobals) = postSolution
		SolutionGuid = {88CC955C-C39E-4B0E-B222-E69E128AD3C1}
	EndGlobalSection
EndGlobal
