
Microsoft Visual Studio Solution File, Format Version 12.00
# Visual Studio Version 17
VisualStudioVersion = 17.13.35931.197 d17.13
MinimumVisualStudioVersion = 10.0.40219.1
Project("{FAE04EC0-301F-11D3-BF4B-00C04F79EFBC}") = "WinFormsApp9", "WinFormsApp9.csproj", "{BB520209-E735-4F3F-8A74-AF15F4D22474}"
EndProject
Global
	GlobalSection(SolutionConfigurationPlatforms) = preSolution
		Debug|Any CPU = Debug|Any CPU
		Release|Any CPU = Release|Any CPU
	EndGlobalSection
	GlobalSection(ProjectConfigurationPlatforms) = postSolution
		{BB520209-E735-4F3F-8A74-AF15F4D22474}.Debug|Any CPU.ActiveCfg = Debug|Any CPU
		{BB520209-E735-4F3F-8A74-AF15F4D22474}.Debug|Any CPU.Build.0 = Debug|Any CPU
		{BB520209-E735-4F3F-8A74-AF15F4D22474}.Release|Any CPU.ActiveCfg = Release|Any CPU
		{BB520209-E735-4F3F-8A74-AF15F4D22474}.Release|Any CPU.Build.0 = Release|Any CPU
	EndGlobalSection
	GlobalSection(SolutionProperties) = preSolution
		HideSolutionNode = FALSE
	EndGlobalSection
	GlobalSection(ExtensibilityGlobals) = postSolution
		SolutionGuid = {A899AA74-C831-46DA-AF5C-7A4C28C918E8}
	EndGlobalSection
EndGlobal
